
Microsoft Visual Studio Solution File, Format Version 12.00
# Visual Studio Version 17
VisualStudioVersion = 17.11.35312.102
MinimumVisualStudioVersion = 10.0.40219.1
Project("{9A19103F-16F7-4668-BE54-9A1E7A4F7556}") = "Netflix", "Netflix\Netflix.csproj", "{227AD23E-4B93-478F-8F1F-BE536F6C0B60}"
EndProject
Global
	GlobalSection(SolutionConfigurationPlatforms) = preSolution
		Debug|Any CPU = Debug|Any CPU
		Release|Any CPU = Release|Any CPU
	EndGlobalSection
	GlobalSection(ProjectConfigurationPlatforms) = postSolution
		{227AD23E-4B93-478F-8F1F-BE536F6C0B60}.Debug|Any CPU.ActiveCfg = Debug|Any CPU
		{227AD23E-4B93-478F-8F1F-BE536F6C0B60}.Debug|Any CPU.Build.0 = Debug|Any CPU
		{227AD23E-4B93-478F-8F1F-BE536F6C0B60}.Release|Any CPU.ActiveCfg = Release|Any CPU
		{227AD23E-4B93-478F-8F1F-BE536F6C0B60}.Release|Any CPU.Build.0 = Release|Any CPU
	EndGlobalSection
	GlobalSection(SolutionProperties) = preSolution
		HideSolutionNode = FALSE
	EndGlobalSection
	GlobalSection(ExtensibilityGlobals) = postSolution
		SolutionGuid = {B56A3B86-42B9-4709-BAE8-313BD287FAC1}
	EndGlobalSection
EndGlobal
